
Microsoft Visual Studio Solution File, Format Version 12.00
# Visual Studio Version 17
VisualStudioVersion = 17.14.37203.1 d17.14
MinimumVisualStudioVersion = 10.0.40219.1
Project("{FAE04EC0-301F-11D3-BF4B-00C04F79EFBC}") = "CatFactApp", "CatFactApp\CatFactApp.csproj", "{75AE446F-05A7-4903-990B-0ED491008063}"
EndProject
Global
	GlobalSection(SolutionConfigurationPlatforms) = preSolution
		Debug|Any CPU = Debug|Any CPU
		Release|Any CPU = Release|Any CPU
	EndGlobalSection
	GlobalSection(ProjectConfigurationPlatforms) = postSolution
		{75AE446F-05A7-4903-990B-0ED491008063}.Debug|Any CPU.ActiveCfg = Debug|Any CPU
		{75AE446F-05A7-4903-990B-0ED491008063}.Debug|Any CPU.Build.0 = Debug|Any CPU
		{75AE446F-05A7-4903-990B-0ED491008063}.Release|Any CPU.ActiveCfg = Release|Any CPU
		{75AE446F-05A7-4903-990B-0ED491008063}.Release|Any CPU.Build.0 = Release|Any CPU
	EndGlobalSection
	GlobalSection(SolutionProperties) = preSolution
		HideSolutionNode = FALSE
	EndGlobalSection
	GlobalSection(ExtensibilityGlobals) = postSolution
		SolutionGuid = {E78A1FAC-76D7-4850-9F2B-CEF7969EE5BC}
	EndGlobalSection
EndGlobal
